// !$*UTF8*$!
{
	archiveVersion = 1;
	classes = {
	};
	objectVersion = 51;
	objects = {

/* Begin PBXBuildFile section */
		60170B2025ED13EB00C4EB3D /* AppDelegate.swift in Sources */ = {isa = PBXBuildFile; fileRef = 60170B1F25ED13EB00C4EB3D /* AppDelegate.swift */; };
		60170B2925ED13EC00C4EB3D /* Assets.xcassets in Resources */ = {isa = PBXBuildFile; fileRef = 60170B2825ED13EC00C4EB3D /* Assets.xcassets */; };
		60170B2C25ED13EC00C4EB3D /* LaunchScreen.storyboard in Resources */ = {isa = PBXBuildFile; fileRef = 60170B2A25ED13EC00C4EB3D /* LaunchScreen.storyboard */; };
		60170B7125ED175600C4EB3D /* SearchViewController.swift in Sources */ = {isa = PBXBuildFile; fileRef = 60170B7025ED175600C4EB3D /* SearchViewController.swift */; };
		60170B7925ED17B600C4EB3D /* RestManager.swift in Sources */ = {isa = PBXBuildFile; fileRef = 60170B7825ED17B600C4EB3D /* RestManager.swift */; };
		60170B8125ED180A00C4EB3D /* SerializationManager.swift in Sources */ = {isa = PBXBuildFile; fileRef = 60170B8025ED180A00C4EB3D /* SerializationManager.swift */; };
		60170B8D25ED18F600C4EB3D /* UIImageView+Extensions.swift in Sources */ = {isa = PBXBuildFile; fileRef = 60170B8525ED18F600C4EB3D /* UIImageView+Extensions.swift */; };
		60170B8E25ED18F600C4EB3D /* UIViewController+Extensions.swift in Sources */ = {isa = PBXBuildFile; fileRef = 60170B8625ED18F600C4EB3D /* UIViewController+Extensions.swift */; };
		60170B8F25ED18F600C4EB3D /* UIView+Extensions.swift in Sources */ = {isa = PBXBuildFile; fileRef = 60170B8725ED18F600C4EB3D /* UIView+Extensions.swift */; };
		60170B9025ED18F600C4EB3D /* UICollectionViewCell+Extensions.swift in Sources */ = {isa = PBXBuildFile; fileRef = 60170B8825ED18F600C4EB3D /* UICollectionViewCell+Extensions.swift */; };
		60170B9225ED18F600C4EB3D /* UITableView+Extensions.swift in Sources */ = {isa = PBXBuildFile; fileRef = 60170B8A25ED18F600C4EB3D /* UITableView+Extensions.swift */; };
		60170B9325ED18F600C4EB3D /* UITableViewCell+Extensions.swift in Sources */ = {isa = PBXBuildFile; fileRef = 60170B8B25ED18F600C4EB3D /* UITableViewCell+Extensions.swift */; };
		60170B9425ED18F600C4EB3D /* UICollectionView+Extensions.swift in Sources */ = {isa = PBXBuildFile; fileRef = 60170B8C25ED18F600C4EB3D /* UICollectionView+Extensions.swift */; };
		60170B9A25ED193800C4EB3D /* SpinnerViewManager.swift in Sources */ = {isa = PBXBuildFile; fileRef = 60170B9825ED193800C4EB3D /* SpinnerViewManager.swift */; };
		60170B9B25ED193800C4EB3D /* SpinnerView.swift in Sources */ = {isa = PBXBuildFile; fileRef = 60170B9925ED193800C4EB3D /* SpinnerView.swift */; };
		60170BA425ED19FD00C4EB3D /* ReusableView.swift in Sources */ = {isa = PBXBuildFile; fileRef = 60170BA025ED19FD00C4EB3D /* ReusableView.swift */; };
		60170BA525ED19FD00C4EB3D /* CoordinatorDelegate.swift in Sources */ = {isa = PBXBuildFile; fileRef = 60170BA125ED19FD00C4EB3D /* CoordinatorDelegate.swift */; };
		60170BA625ED19FD00C4EB3D /* Coordinator.swift in Sources */ = {isa = PBXBuildFile; fileRef = 60170BA225ED19FD00C4EB3D /* Coordinator.swift */; };
		60170BAF25ED1A4700C4EB3D /* SceneOption.swift in Sources */ = {isa = PBXBuildFile; fileRef = 60170BAE25ED1A4700C4EB3D /* SceneOption.swift */; };
		60170BB525ED1AF900C4EB3D /* AppCoordinator.swift in Sources */ = {isa = PBXBuildFile; fileRef = 60170BB425ED1AF900C4EB3D /* AppCoordinator.swift */; };
		60170BB925ED349800C4EB3D /* SearchViewModel.swift in Sources */ = {isa = PBXBuildFile; fileRef = 60170BB825ED349800C4EB3D /* SearchViewModel.swift */; };
		60170BE725ED481800C4EB3D /* FilterViewController.swift in Sources */ = {isa = PBXBuildFile; fileRef = 60170BE625ED481800C4EB3D /* FilterViewController.swift */; };
		6048F07F25EFEAA90009703A /* DetailsSceneCoordinator.swift in Sources */ = {isa = PBXBuildFile; fileRef = 6048F07E25EFEAA90009703A /* DetailsSceneCoordinator.swift */; };
		6048F08825EFEB340009703A /* DetailsSceneViewController.swift in Sources */ = {isa = PBXBuildFile; fileRef = 6048F08725EFEB340009703A /* DetailsSceneViewController.swift */; };
		6048F08E25EFEB5C0009703A /* DetailsSceneViewModel.swift in Sources */ = {isa = PBXBuildFile; fileRef = 6048F08D25EFEB5C0009703A /* DetailsSceneViewModel.swift */; };
		6048F09225EFF09D0009703A /* DetailsDomainItem.swift in Sources */ = {isa = PBXBuildFile; fileRef = 6048F09125EFF09D0009703A /* DetailsDomainItem.swift */; };
		6048F09625F0C9FC0009703A /* ResultButtonType.swift in Sources */ = {isa = PBXBuildFile; fileRef = 6048F09525F0C9FC0009703A /* ResultButtonType.swift */; };
		6048F0A825F0D89F0009703A /* UserResponse.swift in Sources */ = {isa = PBXBuildFile; fileRef = 6048F0A725F0D89F0009703A /* UserResponse.swift */; };
		6048F0BB25F0D9960009703A /* RepositoryResponse.swift in Sources */ = {isa = PBXBuildFile; fileRef = 6048F0BA25F0D9960009703A /* RepositoryResponse.swift */; };
		6048F0C725F0DF010009703A /* RepositoriesResultRepositoryImpl.swift in Sources */ = {isa = PBXBuildFile; fileRef = 6048F0C625F0DF010009703A /* RepositoriesResultRepositoryImpl.swift */; };
		6048F0DA25F0E4AC0009703A /* ResultRepository.swift in Sources */ = {isa = PBXBuildFile; fileRef = 6048F0D925F0E4AC0009703A /* ResultRepository.swift */; };
		6048F0FC25F0F5280009703A /* Constants.swift in Sources */ = {isa = PBXBuildFile; fileRef = 6048F0FB25F0F5280009703A /* Constants.swift */; };
		6048F10025F0F7960009703A /* UserResultRepositoryImpl.swift in Sources */ = {isa = PBXBuildFile; fileRef = 6048F0FF25F0F7960009703A /* UserResultRepositoryImpl.swift */; };
		6048F11E25F14C9A0009703A /* RestManagerError.swift in Sources */ = {isa = PBXBuildFile; fileRef = 6048F11D25F14C9A0009703A /* RestManagerError.swift */; };
		6058829725ED75D8005F914C /* FilterViewModel.swift in Sources */ = {isa = PBXBuildFile; fileRef = 6058829625ED75D8005F914C /* FilterViewModel.swift */; };
		6058829B25ED76C0005F914C /* FilterOption.swift in Sources */ = {isa = PBXBuildFile; fileRef = 6058829A25ED76C0005F914C /* FilterOption.swift */; };
		6070770D25F7B41000981D38 /* ResultSceneViewControllerWrapper.swift in Sources */ = {isa = PBXBuildFile; fileRef = 6070770C25F7B41000981D38 /* ResultSceneViewControllerWrapper.swift */; };
		6079CA9D25EE8DB700C2EAC2 /* UserDomainItem.swift in Sources */ = {isa = PBXBuildFile; fileRef = 6079CA9C25EE8DB700C2EAC2 /* UserDomainItem.swift */; };
		6079CAA125EE8E6D00C2EAC2 /* UsersResultViewModel.swift in Sources */ = {isa = PBXBuildFile; fileRef = 6079CAA025EE8E6D00C2EAC2 /* UsersResultViewModel.swift */; };
		6079CAA725EE8F1C00C2EAC2 /* UsersResultTableViewCell.swift in Sources */ = {isa = PBXBuildFile; fileRef = 6079CAA625EE8F1C00C2EAC2 /* UsersResultTableViewCell.swift */; };
		6079CAAC25EED0B300C2EAC2 /* SearchSceneCoordinator.swift in Sources */ = {isa = PBXBuildFile; fileRef = 6079CAAB25EED0B300C2EAC2 /* SearchSceneCoordinator.swift */; };
		6079CAB225EED34E00C2EAC2 /* ResultSceneCoordinator.swift in Sources */ = {isa = PBXBuildFile; fileRef = 6079CAB125EED34E00C2EAC2 /* ResultSceneCoordinator.swift */; };
		6079CAB825EED3A400C2EAC2 /* ResultSceneOption.swift in Sources */ = {isa = PBXBuildFile; fileRef = 6079CAB725EED3A400C2EAC2 /* ResultSceneOption.swift */; };
		6079CABC25EED5E000C2EAC2 /* TabmanResultsViewController.swift in Sources */ = {isa = PBXBuildFile; fileRef = 6079CABB25EED5E000C2EAC2 /* TabmanResultsViewController.swift */; };
		608A804325F24E74009A9B16 /* UserResponseJSON.json in Resources */ = {isa = PBXBuildFile; fileRef = 608A804225F24E74009A9B16 /* UserResponseJSON.json */; };
		608A804925F24E9F009A9B16 /* RepositoriesResponseJSON.json in Resources */ = {isa = PBXBuildFile; fileRef = 608A804825F24E9F009A9B16 /* RepositoriesResponseJSON.json */; };
		608A805225F24EDB009A9B16 /* ResultSceneTests.swift in Sources */ = {isa = PBXBuildFile; fileRef = 608A805125F24EDB009A9B16 /* ResultSceneTests.swift */; };
		608A805825F24F87009A9B16 /* GeneratedMocks.swift in Sources */ = {isa = PBXBuildFile; fileRef = 608A805725F24F87009A9B16 /* GeneratedMocks.swift */; };
		609282E025ED890100706F68 /* UsersResultsViewController.swift in Sources */ = {isa = PBXBuildFile; fileRef = 609282DF25ED890100706F68 /* UsersResultsViewController.swift */; };
		609282E625ED891300706F68 /* RepositoriesResultsViewController.swift in Sources */ = {isa = PBXBuildFile; fileRef = 609282E525ED891300706F68 /* RepositoriesResultsViewController.swift */; };
		609282EF25EE359300706F68 /* FilterViewModelDelegate.swift in Sources */ = {isa = PBXBuildFile; fileRef = 609282EE25EE359300706F68 /* FilterViewModelDelegate.swift */; };
		609282F425EE41F500706F68 /* IconViewWithText1.swift in Sources */ = {isa = PBXBuildFile; fileRef = 609282F325EE41F500706F68 /* IconViewWithText1.swift */; };
		609282F925EE4CFD00706F68 /* RepositoriesResultsTableViewCell.swift in Sources */ = {isa = PBXBuildFile; fileRef = 609282F825EE4CFD00706F68 /* RepositoriesResultsTableViewCell.swift */; };
		6092830025EE635D00706F68 /* RepositoriesResultViewModel.swift in Sources */ = {isa = PBXBuildFile; fileRef = 609282FF25EE635D00706F68 /* RepositoriesResultViewModel.swift */; };
		6092830725EE63A800706F68 /* RepositoryDomainItem.swift in Sources */ = {isa = PBXBuildFile; fileRef = 6092830625EE63A800706F68 /* RepositoryDomainItem.swift */; };
		6092832725EE6FEB00706F68 /* IconViewWithText2.swift in Sources */ = {isa = PBXBuildFile; fileRef = 6092832625EE6FEB00706F68 /* IconViewWithText2.swift */; };
		636F0CF23A18AA85EAEA3DE4 /* Pods_TASK_GitRepoApp.framework in Frameworks */ = {isa = PBXBuildFile; fileRef = 15FF3CF584BBC29B6A6193A7 /* Pods_TASK_GitRepoApp.framework */; };
		B74CA036FBC11BE2F41F7156 /* Pods_TASK_GitRepoAppTests.framework in Frameworks */ = {isa = PBXBuildFile; fileRef = 1D9C73C822FBAC507DC05B02 /* Pods_TASK_GitRepoAppTests.framework */; };
/* End PBXBuildFile section */

/* Begin PBXContainerItemProxy section */
		60170B3325ED13EC00C4EB3D /* PBXContainerItemProxy */ = {
			isa = PBXContainerItemProxy;
			containerPortal = 60170B1425ED13EB00C4EB3D /* Project object */;
			proxyType = 1;
			remoteGlobalIDString = 60170B1B25ED13EB00C4EB3D;
			remoteInfo = "TASK-GitRepoApp";
		};
/* End PBXContainerItemProxy section */

/* Begin PBXFileReference section */
		15FF3CF584BBC29B6A6193A7 /* Pods_TASK_GitRepoApp.framework */ = {isa = PBXFileReference; explicitFileType = wrapper.framework; includeInIndex = 0; path = Pods_TASK_GitRepoApp.framework; sourceTree = BUILT_PRODUCTS_DIR; };
		1D9C73C822FBAC507DC05B02 /* Pods_TASK_GitRepoAppTests.framework */ = {isa = PBXFileReference; explicitFileType = wrapper.framework; includeInIndex = 0; path = Pods_TASK_GitRepoAppTests.framework; sourceTree = BUILT_PRODUCTS_DIR; };
		3D5902CE12D85DC9251536B6 /* Pods-TASK-GitRepoAppTests.debug.xcconfig */ = {isa = PBXFileReference; includeInIndex = 1; lastKnownFileType = text.xcconfig; name = "Pods-TASK-GitRepoAppTests.debug.xcconfig"; path = "Target Support Files/Pods-TASK-GitRepoAppTests/Pods-TASK-GitRepoAppTests.debug.xcconfig"; sourceTree = "<group>"; };
		60170B1C25ED13EB00C4EB3D /* TASK-GitRepoApp.app */ = {isa = PBXFileReference; explicitFileType = wrapper.application; includeInIndex = 0; path = "TASK-GitRepoApp.app"; sourceTree = BUILT_PRODUCTS_DIR; };
		60170B1F25ED13EB00C4EB3D /* AppDelegate.swift */ = {isa = PBXFileReference; lastKnownFileType = sourcecode.swift; path = AppDelegate.swift; sourceTree = "<group>"; };
		60170B2825ED13EC00C4EB3D /* Assets.xcassets */ = {isa = PBXFileReference; lastKnownFileType = folder.assetcatalog; path = Assets.xcassets; sourceTree = "<group>"; };
		60170B2B25ED13EC00C4EB3D /* Base */ = {isa = PBXFileReference; lastKnownFileType = file.storyboard; name = Base; path = Base.lproj/LaunchScreen.storyboard; sourceTree = "<group>"; };
		60170B2D25ED13EC00C4EB3D /* Info.plist */ = {isa = PBXFileReference; lastKnownFileType = text.plist.xml; path = Info.plist; sourceTree = "<group>"; };
		60170B3225ED13EC00C4EB3D /* TASK-GitRepoAppTests.xctest */ = {isa = PBXFileReference; explicitFileType = wrapper.cfbundle; includeInIndex = 0; path = "TASK-GitRepoAppTests.xctest"; sourceTree = BUILT_PRODUCTS_DIR; };
		60170B3825ED13EC00C4EB3D /* Info.plist */ = {isa = PBXFileReference; lastKnownFileType = text.plist.xml; path = Info.plist; sourceTree = "<group>"; };
		60170B7025ED175600C4EB3D /* SearchViewController.swift */ = {isa = PBXFileReference; lastKnownFileType = sourcecode.swift; path = SearchViewController.swift; sourceTree = "<group>"; };
		60170B7825ED17B600C4EB3D /* RestManager.swift */ = {isa = PBXFileReference; lastKnownFileType = sourcecode.swift; path = RestManager.swift; sourceTree = "<group>"; };
		60170B8025ED180A00C4EB3D /* SerializationManager.swift */ = {isa = PBXFileReference; lastKnownFileType = sourcecode.swift; path = SerializationManager.swift; sourceTree = "<group>"; };
		60170B8525ED18F600C4EB3D /* UIImageView+Extensions.swift */ = {isa = PBXFileReference; fileEncoding = 4; lastKnownFileType = sourcecode.swift; path = "UIImageView+Extensions.swift"; sourceTree = "<group>"; };
		60170B8625ED18F600C4EB3D /* UIViewController+Extensions.swift */ = {isa = PBXFileReference; fileEncoding = 4; lastKnownFileType = sourcecode.swift; path = "UIViewController+Extensions.swift"; sourceTree = "<group>"; };
		60170B8725ED18F600C4EB3D /* UIView+Extensions.swift */ = {isa = PBXFileReference; fileEncoding = 4; lastKnownFileType = sourcecode.swift; path = "UIView+Extensions.swift"; sourceTree = "<group>"; };
		60170B8825ED18F600C4EB3D /* UICollectionViewCell+Extensions.swift */ = {isa = PBXFileReference; fileEncoding = 4; lastKnownFileType = sourcecode.swift; path = "UICollectionViewCell+Extensions.swift"; sourceTree = "<group>"; };
		60170B8A25ED18F600C4EB3D /* UITableView+Extensions.swift */ = {isa = PBXFileReference; fileEncoding = 4; lastKnownFileType = sourcecode.swift; path = "UITableView+Extensions.swift"; sourceTree = "<group>"; };
		60170B8B25ED18F600C4EB3D /* UITableViewCell+Extensions.swift */ = {isa = PBXFileReference; fileEncoding = 4; lastKnownFileType = sourcecode.swift; path = "UITableViewCell+Extensions.swift"; sourceTree = "<group>"; };
		60170B8C25ED18F600C4EB3D /* UICollectionView+Extensions.swift */ = {isa = PBXFileReference; fileEncoding = 4; lastKnownFileType = sourcecode.swift; path = "UICollectionView+Extensions.swift"; sourceTree = "<group>"; };
		60170B9825ED193800C4EB3D /* SpinnerViewManager.swift */ = {isa = PBXFileReference; fileEncoding = 4; lastKnownFileType = sourcecode.swift; path = SpinnerViewManager.swift; sourceTree = "<group>"; };
		60170B9925ED193800C4EB3D /* SpinnerView.swift */ = {isa = PBXFileReference; fileEncoding = 4; lastKnownFileType = sourcecode.swift; path = SpinnerView.swift; sourceTree = "<group>"; };
		60170BA025ED19FD00C4EB3D /* ReusableView.swift */ = {isa = PBXFileReference; fileEncoding = 4; lastKnownFileType = sourcecode.swift; path = ReusableView.swift; sourceTree = "<group>"; };
		60170BA125ED19FD00C4EB3D /* CoordinatorDelegate.swift */ = {isa = PBXFileReference; fileEncoding = 4; lastKnownFileType = sourcecode.swift; path = CoordinatorDelegate.swift; sourceTree = "<group>"; };
		60170BA225ED19FD00C4EB3D /* Coordinator.swift */ = {isa = PBXFileReference; fileEncoding = 4; lastKnownFileType = sourcecode.swift; path = Coordinator.swift; sourceTree = "<group>"; };
		60170BAE25ED1A4700C4EB3D /* SceneOption.swift */ = {isa = PBXFileReference; lastKnownFileType = sourcecode.swift; path = SceneOption.swift; sourceTree = "<group>"; };
		60170BB425ED1AF900C4EB3D /* AppCoordinator.swift */ = {isa = PBXFileReference; lastKnownFileType = sourcecode.swift; path = AppCoordinator.swift; sourceTree = "<group>"; };
		60170BB825ED349800C4EB3D /* SearchViewModel.swift */ = {isa = PBXFileReference; lastKnownFileType = sourcecode.swift; path = SearchViewModel.swift; sourceTree = "<group>"; };
		60170BE625ED481800C4EB3D /* FilterViewController.swift */ = {isa = PBXFileReference; lastKnownFileType = sourcecode.swift; path = FilterViewController.swift; sourceTree = "<group>"; };
		6048F07E25EFEAA90009703A /* DetailsSceneCoordinator.swift */ = {isa = PBXFileReference; lastKnownFileType = sourcecode.swift; path = DetailsSceneCoordinator.swift; sourceTree = "<group>"; };
		6048F08725EFEB340009703A /* DetailsSceneViewController.swift */ = {isa = PBXFileReference; lastKnownFileType = sourcecode.swift; path = DetailsSceneViewController.swift; sourceTree = "<group>"; };
		6048F08D25EFEB5C0009703A /* DetailsSceneViewModel.swift */ = {isa = PBXFileReference; lastKnownFileType = sourcecode.swift; path = DetailsSceneViewModel.swift; sourceTree = "<group>"; };
		6048F09125EFF09D0009703A /* DetailsDomainItem.swift */ = {isa = PBXFileReference; lastKnownFileType = sourcecode.swift; path = DetailsDomainItem.swift; sourceTree = "<group>"; };
		6048F09525F0C9FC0009703A /* ResultButtonType.swift */ = {isa = PBXFileReference; lastKnownFileType = sourcecode.swift; path = ResultButtonType.swift; sourceTree = "<group>"; };
		6048F0A725F0D89F0009703A /* UserResponse.swift */ = {isa = PBXFileReference; lastKnownFileType = sourcecode.swift; path = UserResponse.swift; sourceTree = "<group>"; };
		6048F0BA25F0D9960009703A /* RepositoryResponse.swift */ = {isa = PBXFileReference; lastKnownFileType = sourcecode.swift; path = RepositoryResponse.swift; sourceTree = "<group>"; };
		6048F0C625F0DF010009703A /* RepositoriesResultRepositoryImpl.swift */ = {isa = PBXFileReference; lastKnownFileType = sourcecode.swift; path = RepositoriesResultRepositoryImpl.swift; sourceTree = "<group>"; };
		6048F0D925F0E4AC0009703A /* ResultRepository.swift */ = {isa = PBXFileReference; lastKnownFileType = sourcecode.swift; name = ResultRepository.swift; path = "TASK-GitRepoApp/ResultScene/Protocols/ResultRepository.swift"; sourceTree = SOURCE_ROOT; };
		6048F0FB25F0F5280009703A /* Constants.swift */ = {isa = PBXFileReference; lastKnownFileType = sourcecode.swift; path = Constants.swift; sourceTree = "<group>"; };
		6048F0FF25F0F7960009703A /* UserResultRepositoryImpl.swift */ = {isa = PBXFileReference; lastKnownFileType = sourcecode.swift; path = UserResultRepositoryImpl.swift; sourceTree = "<group>"; };
		6048F11D25F14C9A0009703A /* RestManagerError.swift */ = {isa = PBXFileReference; lastKnownFileType = sourcecode.swift; path = RestManagerError.swift; sourceTree = "<group>"; };
		6058829625ED75D8005F914C /* FilterViewModel.swift */ = {isa = PBXFileReference; lastKnownFileType = sourcecode.swift; path = FilterViewModel.swift; sourceTree = "<group>"; };
		6058829A25ED76C0005F914C /* FilterOption.swift */ = {isa = PBXFileReference; lastKnownFileType = sourcecode.swift; name = FilterOption.swift; path = "TASK-GitRepoApp/Common/Models/FilterOption.swift"; sourceTree = SOURCE_ROOT; };
		6070770C25F7B41000981D38 /* ResultSceneViewControllerWrapper.swift */ = {isa = PBXFileReference; lastKnownFileType = sourcecode.swift; path = ResultSceneViewControllerWrapper.swift; sourceTree = "<group>"; };
		6079CA9C25EE8DB700C2EAC2 /* UserDomainItem.swift */ = {isa = PBXFileReference; lastKnownFileType = sourcecode.swift; path = UserDomainItem.swift; sourceTree = "<group>"; };
		6079CAA025EE8E6D00C2EAC2 /* UsersResultViewModel.swift */ = {isa = PBXFileReference; lastKnownFileType = sourcecode.swift; path = UsersResultViewModel.swift; sourceTree = "<group>"; };
		6079CAA625EE8F1C00C2EAC2 /* UsersResultTableViewCell.swift */ = {isa = PBXFileReference; lastKnownFileType = sourcecode.swift; path = UsersResultTableViewCell.swift; sourceTree = "<group>"; };
		6079CAAB25EED0B300C2EAC2 /* SearchSceneCoordinator.swift */ = {isa = PBXFileReference; lastKnownFileType = sourcecode.swift; path = SearchSceneCoordinator.swift; sourceTree = "<group>"; };
		6079CAB125EED34E00C2EAC2 /* ResultSceneCoordinator.swift */ = {isa = PBXFileReference; lastKnownFileType = sourcecode.swift; path = ResultSceneCoordinator.swift; sourceTree = "<group>"; };
		6079CAB725EED3A400C2EAC2 /* ResultSceneOption.swift */ = {isa = PBXFileReference; lastKnownFileType = sourcecode.swift; path = ResultSceneOption.swift; sourceTree = "<group>"; };
		6079CABB25EED5E000C2EAC2 /* TabmanResultsViewController.swift */ = {isa = PBXFileReference; lastKnownFileType = sourcecode.swift; path = TabmanResultsViewController.swift; sourceTree = "<group>"; };
		608A804225F24E74009A9B16 /* UserResponseJSON.json */ = {isa = PBXFileReference; lastKnownFileType = text.json; path = UserResponseJSON.json; sourceTree = "<group>"; };
		608A804825F24E9F009A9B16 /* RepositoriesResponseJSON.json */ = {isa = PBXFileReference; lastKnownFileType = text.json; path = RepositoriesResponseJSON.json; sourceTree = "<group>"; };
		608A805125F24EDB009A9B16 /* ResultSceneTests.swift */ = {isa = PBXFileReference; lastKnownFileType = sourcecode.swift; path = ResultSceneTests.swift; sourceTree = "<group>"; };
		608A805725F24F87009A9B16 /* GeneratedMocks.swift */ = {isa = PBXFileReference; fileEncoding = 4; lastKnownFileType = sourcecode.swift; path = GeneratedMocks.swift; sourceTree = "<group>"; };
		609282DF25ED890100706F68 /* UsersResultsViewController.swift */ = {isa = PBXFileReference; lastKnownFileType = sourcecode.swift; path = UsersResultsViewController.swift; sourceTree = "<group>"; };
		609282E525ED891300706F68 /* RepositoriesResultsViewController.swift */ = {isa = PBXFileReference; lastKnownFileType = sourcecode.swift; path = RepositoriesResultsViewController.swift; sourceTree = "<group>"; };
		609282EE25EE359300706F68 /* FilterViewModelDelegate.swift */ = {isa = PBXFileReference; lastKnownFileType = sourcecode.swift; path = FilterViewModelDelegate.swift; sourceTree = "<group>"; };
		609282F325EE41F500706F68 /* IconViewWithText1.swift */ = {isa = PBXFileReference; lastKnownFileType = sourcecode.swift; path = IconViewWithText1.swift; sourceTree = "<group>"; };
		609282F825EE4CFD00706F68 /* RepositoriesResultsTableViewCell.swift */ = {isa = PBXFileReference; lastKnownFileType = sourcecode.swift; path = RepositoriesResultsTableViewCell.swift; sourceTree = "<group>"; };
		609282FF25EE635D00706F68 /* RepositoriesResultViewModel.swift */ = {isa = PBXFileReference; lastKnownFileType = sourcecode.swift; path = RepositoriesResultViewModel.swift; sourceTree = "<group>"; };
		6092830625EE63A800706F68 /* RepositoryDomainItem.swift */ = {isa = PBXFileReference; lastKnownFileType = sourcecode.swift; path = RepositoryDomainItem.swift; sourceTree = "<group>"; };
		6092832625EE6FEB00706F68 /* IconViewWithText2.swift */ = {isa = PBXFileReference; lastKnownFileType = sourcecode.swift; path = IconViewWithText2.swift; sourceTree = "<group>"; };
		6F3F17FD48516C10F2224AD1 /* Pods-TASK-GitRepoApp.release.xcconfig */ = {isa = PBXFileReference; includeInIndex = 1; lastKnownFileType = text.xcconfig; name = "Pods-TASK-GitRepoApp.release.xcconfig"; path = "Target Support Files/Pods-TASK-GitRepoApp/Pods-TASK-GitRepoApp.release.xcconfig"; sourceTree = "<group>"; };
		D7B2AFB1ABBF4F694C8636D4 /* Pods-TASK-GitRepoAppTests.release.xcconfig */ = {isa = PBXFileReference; includeInIndex = 1; lastKnownFileType = text.xcconfig; name = "Pods-TASK-GitRepoAppTests.release.xcconfig"; path = "Target Support Files/Pods-TASK-GitRepoAppTests/Pods-TASK-GitRepoAppTests.release.xcconfig"; sourceTree = "<group>"; };
		FDE3C4256319C051CFAE677F /* Pods-TASK-GitRepoApp.debug.xcconfig */ = {isa = PBXFileReference; includeInIndex = 1; lastKnownFileType = text.xcconfig; name = "Pods-TASK-GitRepoApp.debug.xcconfig"; path = "Target Support Files/Pods-TASK-GitRepoApp/Pods-TASK-GitRepoApp.debug.xcconfig"; sourceTree = "<group>"; };
/* End PBXFileReference section */

/* Begin PBXFrameworksBuildPhase section */
		60170B1925ED13EB00C4EB3D /* Frameworks */ = {
			isa = PBXFrameworksBuildPhase;
			buildActionMask = 2147483647;
			files = (
				636F0CF23A18AA85EAEA3DE4 /* Pods_TASK_GitRepoApp.framework in Frameworks */,
			);
			runOnlyForDeploymentPostprocessing = 0;
		};
		60170B2F25ED13EC00C4EB3D /* Frameworks */ = {
			isa = PBXFrameworksBuildPhase;
			buildActionMask = 2147483647;
			files = (
				B74CA036FBC11BE2F41F7156 /* Pods_TASK_GitRepoAppTests.framework in Frameworks */,
			);
			runOnlyForDeploymentPostprocessing = 0;
		};
/* End PBXFrameworksBuildPhase section */

/* Begin PBXGroup section */
		0DDE6FBAC48E722454E422D2 /* Frameworks */ = {
			isa = PBXGroup;
			children = (
				15FF3CF584BBC29B6A6193A7 /* Pods_TASK_GitRepoApp.framework */,
				1D9C73C822FBAC507DC05B02 /* Pods_TASK_GitRepoAppTests.framework */,
			);
			name = Frameworks;
			sourceTree = "<group>";
		};
		60170B1325ED13EB00C4EB3D = {
			isa = PBXGroup;
			children = (
				60170B1E25ED13EB00C4EB3D /* TASK-GitRepoApp */,
				60170B3525ED13EC00C4EB3D /* TASK-GitRepoAppTests */,
				60170B1D25ED13EB00C4EB3D /* Products */,
				D778722CB0CA9614B58F1ADF /* Pods */,
				0DDE6FBAC48E722454E422D2 /* Frameworks */,
			);
			sourceTree = "<group>";
		};
		60170B1D25ED13EB00C4EB3D /* Products */ = {
			isa = PBXGroup;
			children = (
				60170B1C25ED13EB00C4EB3D /* TASK-GitRepoApp.app */,
				60170B3225ED13EC00C4EB3D /* TASK-GitRepoAppTests.xctest */,
			);
			name = Products;
			sourceTree = "<group>";
		};
		60170B1E25ED13EB00C4EB3D /* TASK-GitRepoApp */ = {
			isa = PBXGroup;
			children = (
				6048F07C25EFEA760009703A /* DetailsScreen */,
				609282D625ED88A700706F68 /* ResultScene */,
				60170B6B25ED170E00C4EB3D /* SearchScene */,
				60170B7625ED177200C4EB3D /* Common */,
				60170B5425ED140900C4EB3D /* Support */,
			);
			path = "TASK-GitRepoApp";
			sourceTree = "<group>";
		};
		60170B3525ED13EC00C4EB3D /* TASK-GitRepoAppTests */ = {
			isa = PBXGroup;
			children = (
				608A805125F24EDB009A9B16 /* ResultSceneTests.swift */,
				608A805025F24EAF009A9B16 /* CuckooMocks */,
				6048F0AF25F0D9260009703A /* MockJSONFiles */,
				60170B3825ED13EC00C4EB3D /* Info.plist */,
			);
			path = "TASK-GitRepoAppTests";
			sourceTree = "<group>";
		};
		60170B5425ED140900C4EB3D /* Support */ = {
			isa = PBXGroup;
			children = (
				60170BB425ED1AF900C4EB3D /* AppCoordinator.swift */,
				60170B1F25ED13EB00C4EB3D /* AppDelegate.swift */,
				60170B2825ED13EC00C4EB3D /* Assets.xcassets */,
				60170B2A25ED13EC00C4EB3D /* LaunchScreen.storyboard */,
				60170B2D25ED13EC00C4EB3D /* Info.plist */,
			);
			path = Support;
			sourceTree = "<group>";
		};
		60170B6B25ED170E00C4EB3D /* SearchScene */ = {
			isa = PBXGroup;
			children = (
				609282ED25EE358B00706F68 /* Protocols */,
				60170B6F25ED173600C4EB3D /* Coordinator */,
				60170B6E25ED172C00C4EB3D /* ViewModel */,
				60170B6D25ED172400C4EB3D /* View */,
			);
			path = SearchScene;
			sourceTree = "<group>";
		};
		60170B6D25ED172400C4EB3D /* View */ = {
			isa = PBXGroup;
			children = (
				609282F225EE41D800706F68 /* Views */,
				60170B7025ED175600C4EB3D /* SearchViewController.swift */,
				60170BE625ED481800C4EB3D /* FilterViewController.swift */,
			);
			path = View;
			sourceTree = "<group>";
		};
		60170B6E25ED172C00C4EB3D /* ViewModel */ = {
			isa = PBXGroup;
			children = (
				60170BB825ED349800C4EB3D /* SearchViewModel.swift */,
				6058829625ED75D8005F914C /* FilterViewModel.swift */,
			);
			path = ViewModel;
			sourceTree = "<group>";
		};
		60170B6F25ED173600C4EB3D /* Coordinator */ = {
			isa = PBXGroup;
			children = (
				6079CAAB25EED0B300C2EAC2 /* SearchSceneCoordinator.swift */,
			);
			path = Coordinator;
			sourceTree = "<group>";
		};
		60170B7625ED177200C4EB3D /* Common */ = {
			isa = PBXGroup;
			children = (
				6048F0FB25F0F5280009703A /* Constants.swift */,
				60170BAD25ED1A3D00C4EB3D /* Models */,
				60170BAA25ED1A0600C4EB3D /* Protocols */,
				60170B9725ED193800C4EB3D /* Spinner */,
				60170B8425ED18F600C4EB3D /* Extensions */,
				60170B7725ED17A500C4EB3D /* Networking */,
			);
			path = Common;
			sourceTree = "<group>";
		};
		60170B7725ED17A500C4EB3D /* Networking */ = {
			isa = PBXGroup;
			children = (
				60170B7825ED17B600C4EB3D /* RestManager.swift */,
				60170B8025ED180A00C4EB3D /* SerializationManager.swift */,
				6048F11D25F14C9A0009703A /* RestManagerError.swift */,
			);
			path = Networking;
			sourceTree = "<group>";
		};
		60170B8425ED18F600C4EB3D /* Extensions */ = {
			isa = PBXGroup;
			children = (
				60170B8525ED18F600C4EB3D /* UIImageView+Extensions.swift */,
				60170B8625ED18F600C4EB3D /* UIViewController+Extensions.swift */,
				60170B8725ED18F600C4EB3D /* UIView+Extensions.swift */,
				60170B8825ED18F600C4EB3D /* UICollectionViewCell+Extensions.swift */,
				60170B8A25ED18F600C4EB3D /* UITableView+Extensions.swift */,
				60170B8B25ED18F600C4EB3D /* UITableViewCell+Extensions.swift */,
				60170B8C25ED18F600C4EB3D /* UICollectionView+Extensions.swift */,
			);
			path = Extensions;
			sourceTree = "<group>";
		};
		60170B9725ED193800C4EB3D /* Spinner */ = {
			isa = PBXGroup;
			children = (
				60170B9825ED193800C4EB3D /* SpinnerViewManager.swift */,
				60170B9925ED193800C4EB3D /* SpinnerView.swift */,
			);
			path = Spinner;
			sourceTree = "<group>";
		};
		60170BAA25ED1A0600C4EB3D /* Protocols */ = {
			isa = PBXGroup;
			children = (
				60170BA025ED19FD00C4EB3D /* ReusableView.swift */,
				60170BA225ED19FD00C4EB3D /* Coordinator.swift */,
				60170BA125ED19FD00C4EB3D /* CoordinatorDelegate.swift */,
			);
			path = Protocols;
			sourceTree = "<group>";
		};
		60170BAD25ED1A3D00C4EB3D /* Models */ = {
			isa = PBXGroup;
			children = (
				6058829A25ED76C0005F914C /* FilterOption.swift */,
				60170BAE25ED1A4700C4EB3D /* SceneOption.swift */,
				6079CAB725EED3A400C2EAC2 /* ResultSceneOption.swift */,
			);
			path = Models;
			sourceTree = "<group>";
		};
		6048F07C25EFEA760009703A /* DetailsScreen */ = {
			isa = PBXGroup;
			children = (
				6048F08625EFEB130009703A /* Model */,
				6048F08525EFEB0C0009703A /* ViewModel */,
				6048F08425EFEB070009703A /* View */,
				6048F07D25EFEA830009703A /* Coordinators */,
			);
			path = DetailsScreen;
			sourceTree = "<group>";
		};
		6048F07D25EFEA830009703A /* Coordinators */ = {
			isa = PBXGroup;
			children = (
				6048F07E25EFEAA90009703A /* DetailsSceneCoordinator.swift */,
			);
			path = Coordinators;
			sourceTree = "<group>";
		};
		6048F08425EFEB070009703A /* View */ = {
			isa = PBXGroup;
			children = (
				6048F08725EFEB340009703A /* DetailsSceneViewController.swift */,
			);
			path = View;
			sourceTree = "<group>";
		};
		6048F08525EFEB0C0009703A /* ViewModel */ = {
			isa = PBXGroup;
			children = (
				6048F08D25EFEB5C0009703A /* DetailsSceneViewModel.swift */,
			);
			path = ViewModel;
			sourceTree = "<group>";
		};
		6048F08625EFEB130009703A /* Model */ = {
			isa = PBXGroup;
			children = (
				6048F09125EFF09D0009703A /* DetailsDomainItem.swift */,
			);
			path = Model;
			sourceTree = "<group>";
		};
		6048F0AF25F0D9260009703A /* MockJSONFiles */ = {
			isa = PBXGroup;
			children = (
				608A804225F24E74009A9B16 /* UserResponseJSON.json */,
				608A804825F24E9F009A9B16 /* RepositoriesResponseJSON.json */,
			);
			path = MockJSONFiles;
			sourceTree = "<group>";
		};
		6048F0D225F0E43B0009703A /* Protocols */ = {
			isa = PBXGroup;
			children = (
				6048F0D925F0E4AC0009703A /* ResultRepository.swift */,
			);
			path = Protocols;
			sourceTree = "<group>";
		};
		6079CAAA25EECE2600C2EAC2 /* Coordinators */ = {
			isa = PBXGroup;
			children = (
				6079CAB125EED34E00C2EAC2 /* ResultSceneCoordinator.swift */,
			);
			path = Coordinators;
			sourceTree = "<group>";
		};
		608A805025F24EAF009A9B16 /* CuckooMocks */ = {
			isa = PBXGroup;
			children = (
				608A805725F24F87009A9B16 /* GeneratedMocks.swift */,
			);
			path = CuckooMocks;
			sourceTree = "<group>";
		};
		609282D625ED88A700706F68 /* ResultScene */ = {
			isa = PBXGroup;
			children = (
				6048F0D225F0E43B0009703A /* Protocols */,
				6079CAAA25EECE2600C2EAC2 /* Coordinators */,
				6092830525EE63A200706F68 /* Model */,
				609282FE25EE635200706F68 /* ViewModel */,
				609282D725ED88BA00706F68 /* View */,
			);
			path = ResultScene;
			sourceTree = "<group>";
		};
		609282D725ED88BA00706F68 /* View */ = {
			isa = PBXGroup;
			children = (
				6070770C25F7B41000981D38 /* ResultSceneViewControllerWrapper.swift */,
				6079CABB25EED5E000C2EAC2 /* TabmanResultsViewController.swift */,
				609282DF25ED890100706F68 /* UsersResultsViewController.swift */,
				609282E525ED891300706F68 /* RepositoriesResultsViewController.swift */,
				609282F725EE4CDB00706F68 /* Views */,
			);
			path = View;
			sourceTree = "<group>";
		};
		609282ED25EE358B00706F68 /* Protocols */ = {
			isa = PBXGroup;
			children = (
				609282EE25EE359300706F68 /* FilterViewModelDelegate.swift */,
			);
			path = Protocols;
			sourceTree = "<group>";
		};
		609282F225EE41D800706F68 /* Views */ = {
			isa = PBXGroup;
			children = (
				609282F325EE41F500706F68 /* IconViewWithText1.swift */,
				6092832625EE6FEB00706F68 /* IconViewWithText2.swift */,
			);
			path = Views;
			sourceTree = "<group>";
		};
		609282F725EE4CDB00706F68 /* Views */ = {
			isa = PBXGroup;
			children = (
				609282F825EE4CFD00706F68 /* RepositoriesResultsTableViewCell.swift */,
				6079CAA625EE8F1C00C2EAC2 /* UsersResultTableViewCell.swift */,
			);
			path = Views;
			sourceTree = "<group>";
		};
		609282FE25EE635200706F68 /* ViewModel */ = {
			isa = PBXGroup;
			children = (
				609282FF25EE635D00706F68 /* RepositoriesResultViewModel.swift */,
				6079CAA025EE8E6D00C2EAC2 /* UsersResultViewModel.swift */,
			);
			path = ViewModel;
			sourceTree = "<group>";
		};
		6092830525EE63A200706F68 /* Model */ = {
			isa = PBXGroup;
			children = (
				6092830625EE63A800706F68 /* RepositoryDomainItem.swift */,
				6079CA9C25EE8DB700C2EAC2 /* UserDomainItem.swift */,
				6048F09525F0C9FC0009703A /* ResultButtonType.swift */,
				6048F0A725F0D89F0009703A /* UserResponse.swift */,
				6048F0BA25F0D9960009703A /* RepositoryResponse.swift */,
				6048F0C625F0DF010009703A /* RepositoriesResultRepositoryImpl.swift */,
				6048F0FF25F0F7960009703A /* UserResultRepositoryImpl.swift */,
			);
			path = Model;
			sourceTree = "<group>";
		};
		D778722CB0CA9614B58F1ADF /* Pods */ = {
			isa = PBXGroup;
			children = (
				FDE3C4256319C051CFAE677F /* Pods-TASK-GitRepoApp.debug.xcconfig */,
				6F3F17FD48516C10F2224AD1 /* Pods-TASK-GitRepoApp.release.xcconfig */,
				3D5902CE12D85DC9251536B6 /* Pods-TASK-GitRepoAppTests.debug.xcconfig */,
				D7B2AFB1ABBF4F694C8636D4 /* Pods-TASK-GitRepoAppTests.release.xcconfig */,
			);
			path = Pods;
			sourceTree = "<group>";
		};
/* End PBXGroup section */

/* Begin PBXNativeTarget section */
		60170B1B25ED13EB00C4EB3D /* TASK-GitRepoApp */ = {
			isa = PBXNativeTarget;
			buildConfigurationList = 60170B4625ED13EC00C4EB3D /* Build configuration list for PBXNativeTarget "TASK-GitRepoApp" */;
			buildPhases = (
				D3BEAD53CF5E0D8E1C0F3C7E /* [CP] Check Pods Manifest.lock */,
				60170B1825ED13EB00C4EB3D /* Sources */,
				60170B1925ED13EB00C4EB3D /* Frameworks */,
				60170B1A25ED13EB00C4EB3D /* Resources */,
				C0C75924A673B3C597890DC3 /* [CP] Embed Pods Frameworks */,
			);
			buildRules = (
			);
			dependencies = (
			);
			name = "TASK-GitRepoApp";
			productName = "TASK-GitRepoApp";
			productReference = 60170B1C25ED13EB00C4EB3D /* TASK-GitRepoApp.app */;
			productType = "com.apple.product-type.application";
		};
		60170B3125ED13EC00C4EB3D /* TASK-GitRepoAppTests */ = {
			isa = PBXNativeTarget;
			buildConfigurationList = 60170B4925ED13EC00C4EB3D /* Build configuration list for PBXNativeTarget "TASK-GitRepoAppTests" */;
			buildPhases = (
				C90518573BC759C36CD1DA81 /* [CP] Check Pods Manifest.lock */,
				608A803D25F24D2A009A9B16 /* ShellScript */,
				60170B2E25ED13EC00C4EB3D /* Sources */,
				60170B2F25ED13EC00C4EB3D /* Frameworks */,
				60170B3025ED13EC00C4EB3D /* Resources */,
				09E814A3B16C030252EAA0E1 /* [CP] Embed Pods Frameworks */,
			);
			buildRules = (
			);
			dependencies = (
				60170B3425ED13EC00C4EB3D /* PBXTargetDependency */,
			);
			name = "TASK-GitRepoAppTests";
			productName = "TASK-GitRepoAppTests";
			productReference = 60170B3225ED13EC00C4EB3D /* TASK-GitRepoAppTests.xctest */;
			productType = "com.apple.product-type.bundle.unit-test";
		};
/* End PBXNativeTarget section */

/* Begin PBXProject section */
		60170B1425ED13EB00C4EB3D /* Project object */ = {
			isa = PBXProject;
			attributes = {
				LastSwiftUpdateCheck = 1240;
				LastUpgradeCheck = 1240;
				TargetAttributes = {
					60170B1B25ED13EB00C4EB3D = {
						CreatedOnToolsVersion = 12.4;
					};
					60170B3125ED13EC00C4EB3D = {
						CreatedOnToolsVersion = 12.4;
						LastSwiftMigration = 1240;
						TestTargetID = 60170B1B25ED13EB00C4EB3D;
					};
				};
			};
			buildConfigurationList = 60170B1725ED13EB00C4EB3D /* Build configuration list for PBXProject "TASK-GitRepoApp" */;
			compatibilityVersion = "Xcode 9.3";
			developmentRegion = en;
			hasScannedForEncodings = 0;
			knownRegions = (
				en,
				Base,
			);
			mainGroup = 60170B1325ED13EB00C4EB3D;
			productRefGroup = 60170B1D25ED13EB00C4EB3D /* Products */;
			projectDirPath = "";
			projectRoot = "";
			targets = (
				60170B1B25ED13EB00C4EB3D /* TASK-GitRepoApp */,
				60170B3125ED13EC00C4EB3D /* TASK-GitRepoAppTests */,
			);
		};
/* End PBXProject section */

/* Begin PBXResourcesBuildPhase section */
		60170B1A25ED13EB00C4EB3D /* Resources */ = {
			isa = PBXResourcesBuildPhase;
			buildActionMask = 2147483647;
			files = (
				60170B2C25ED13EC00C4EB3D /* LaunchScreen.storyboard in Resources */,
				60170B2925ED13EC00C4EB3D /* Assets.xcassets in Resources */,
			);
			runOnlyForDeploymentPostprocessing = 0;
		};
		60170B3025ED13EC00C4EB3D /* Resources */ = {
			isa = PBXResourcesBuildPhase;
			buildActionMask = 2147483647;
			files = (
				608A804325F24E74009A9B16 /* UserResponseJSON.json in Resources */,
				608A804925F24E9F009A9B16 /* RepositoriesResponseJSON.json in Resources */,
			);
			runOnlyForDeploymentPostprocessing = 0;
		};
/* End PBXResourcesBuildPhase section */

/* Begin PBXShellScriptBuildPhase section */
		09E814A3B16C030252EAA0E1 /* [CP] Embed Pods Frameworks */ = {
			isa = PBXShellScriptBuildPhase;
			buildActionMask = 2147483647;
			files = (
			);
			inputFileListPaths = (
				"${PODS_ROOT}/Target Support Files/Pods-TASK-GitRepoAppTests/Pods-TASK-GitRepoAppTests-frameworks-${CONFIGURATION}-input-files.xcfilelist",
			);
			name = "[CP] Embed Pods Frameworks";
			outputFileListPaths = (
				"${PODS_ROOT}/Target Support Files/Pods-TASK-GitRepoAppTests/Pods-TASK-GitRepoAppTests-frameworks-${CONFIGURATION}-output-files.xcfilelist",
			);
			runOnlyForDeploymentPostprocessing = 0;
			shellPath = /bin/sh;
			shellScript = "\"${PODS_ROOT}/Target Support Files/Pods-TASK-GitRepoAppTests/Pods-TASK-GitRepoAppTests-frameworks.sh\"\n";
			showEnvVarsInLog = 0;
		};
		608A803D25F24D2A009A9B16 /* ShellScript */ = {
			isa = PBXShellScriptBuildPhase;
			buildActionMask = 2147483647;
			files = (
			);
			inputFileListPaths = (
			);
			inputPaths = (
				"${PROJECT_DIR}/${PROJECT_NAME}/ResultScene/Coordinators/ResultSceneCoordinator.swift",
				"${PROJECT_DIR}/${PROJECT_NAME}/ResultScene/Model/UserResultRepositoryImpl.swift",
				"${PROJECT_DIR}/${PROJECT_NAME}/ResultScene/Model/RepositoriesResultRepositoryImpl.swift",
			);
			outputFileListPaths = (
			);
			outputPaths = (
				"${PROJECT_DIR}/${PROJECT_NAME}Tests/CuckooMocks/GeneratedMocks.swift",
			);
			runOnlyForDeploymentPostprocessing = 0;
			shellPath = /bin/sh;
			shellScript = "# Define output file. Change \"${PROJECT_DIR}/${PROJECT_NAME}Tests\" to your test's root source folder, if it's not the default name.\nOUTPUT_FILE=\"${PROJECT_DIR}/${PROJECT_NAME}Tests/CuckooMocks/GeneratedMocks.swift\"\necho \"Generated Mocks File = ${OUTPUT_FILE}\"\n\n# Define input directory. Change \"${PROJECT_DIR}/${PROJECT_NAME}\" to your project's root source folder, if it's not the default name.\nINPUT_DIR=\"${PROJECT_DIR}/${PROJECT_NAME}\"\necho \"Mocks Input Directory = ${INPUT_DIR}\"\n\n# Generate mock files, include as many input files as you'd like to create mocks for.\n\"${PODS_ROOT}/Cuckoo/run\" generate --testable \"${PROJECT_NAME}\" \\\n--output \"${OUTPUT_FILE}\" \\\n\"${PROJECT_DIR}/${PROJECT_NAME}/ResultScene/Model/RepositoriesResultRepositoryImpl.swift\" \\\n\"${PROJECT_DIR}/${PROJECT_NAME}/ResultScene/Model/UserResultRepositoryImpl.swift\" \\\n\"${PROJECT_DIR}/${PROJECT_NAME}/ResultScene/Coordinators/ResultSceneCoordinator.swift\"\n# ... and so forth, the last line should never end with a backslash\n\n# After running once, locate `GeneratedMocks.swift` and drag it into your Xcode test target group.\n";
		};
		C0C75924A673B3C597890DC3 /* [CP] Embed Pods Frameworks */ = {
			isa = PBXShellScriptBuildPhase;
			buildActionMask = 2147483647;
			files = (
			);
			inputFileListPaths = (
				"${PODS_ROOT}/Target Support Files/Pods-TASK-GitRepoApp/Pods-TASK-GitRepoApp-frameworks-${CONFIGURATION}-input-files.xcfilelist",
			);
			name = "[CP] Embed Pods Frameworks";
			outputFileListPaths = (
				"${PODS_ROOT}/Target Support Files/Pods-TASK-GitRepoApp/Pods-TASK-GitRepoApp-frameworks-${CONFIGURATION}-output-files.xcfilelist",
			);
			runOnlyForDeploymentPostprocessing = 0;
			shellPath = /bin/sh;
			shellScript = "\"${PODS_ROOT}/Target Support Files/Pods-TASK-GitRepoApp/Pods-TASK-GitRepoApp-frameworks.sh\"\n";
			showEnvVarsInLog = 0;
		};
		C90518573BC759C36CD1DA81 /* [CP] Check Pods Manifest.lock */ = {
			isa = PBXShellScriptBuildPhase;
			buildActionMask = 2147483647;
			files = (
			);
			inputFileListPaths = (
			);
			inputPaths = (
				"${PODS_PODFILE_DIR_PATH}/Podfile.lock",
				"${PODS_ROOT}/Manifest.lock",
			);
			name = "[CP] Check Pods Manifest.lock";
			outputFileListPaths = (
			);
			outputPaths = (
				"$(DERIVED_FILE_DIR)/Pods-TASK-GitRepoAppTests-checkManifestLockResult.txt",
			);
			runOnlyForDeploymentPostprocessing = 0;
			shellPath = /bin/sh;
			shellScript = "diff \"${PODS_PODFILE_DIR_PATH}/Podfile.lock\" \"${PODS_ROOT}/Manifest.lock\" > /dev/null\nif [ $? != 0 ] ; then\n    # print error to STDERR\n    echo \"error: The sandbox is not in sync with the Podfile.lock. Run 'pod install' or update your CocoaPods installation.\" >&2\n    exit 1\nfi\n# This output is used by Xcode 'outputs' to avoid re-running this script phase.\necho \"SUCCESS\" > \"${SCRIPT_OUTPUT_FILE_0}\"\n";
			showEnvVarsInLog = 0;
		};
		D3BEAD53CF5E0D8E1C0F3C7E /* [CP] Check Pods Manifest.lock */ = {
			isa = PBXShellScriptBuildPhase;
			buildActionMask = 2147483647;
			files = (
			);
			inputFileListPaths = (
			);
			inputPaths = (
				"${PODS_PODFILE_DIR_PATH}/Podfile.lock",
				"${PODS_ROOT}/Manifest.lock",
			);
			name = "[CP] Check Pods Manifest.lock";
			outputFileListPaths = (
			);
			outputPaths = (
				"$(DERIVED_FILE_DIR)/Pods-TASK-GitRepoApp-checkManifestLockResult.txt",
			);
			runOnlyForDeploymentPostprocessing = 0;
			shellPath = /bin/sh;
			shellScript = "diff \"${PODS_PODFILE_DIR_PATH}/Podfile.lock\" \"${PODS_ROOT}/Manifest.lock\" > /dev/null\nif [ $? != 0 ] ; then\n    # print error to STDERR\n    echo \"error: The sandbox is not in sync with the Podfile.lock. Run 'pod install' or update your CocoaPods installation.\" >&2\n    exit 1\nfi\n# This output is used by Xcode 'outputs' to avoid re-running this script phase.\necho \"SUCCESS\" > \"${SCRIPT_OUTPUT_FILE_0}\"\n";
			showEnvVarsInLog = 0;
		};
/* End PBXShellScriptBuildPhase section */

/* Begin PBXSourcesBuildPhase section */
		60170B1825ED13EB00C4EB3D /* Sources */ = {
			isa = PBXSourcesBuildPhase;
			buildActionMask = 2147483647;
			files = (
				6048F07F25EFEAA90009703A /* DetailsSceneCoordinator.swift in Sources */,
				6079CAB225EED34E00C2EAC2 /* ResultSceneCoordinator.swift in Sources */,
				60170BA625ED19FD00C4EB3D /* Coordinator.swift in Sources */,
				60170B9025ED18F600C4EB3D /* UICollectionViewCell+Extensions.swift in Sources */,
				60170B8F25ED18F600C4EB3D /* UIView+Extensions.swift in Sources */,
				6048F09225EFF09D0009703A /* DetailsDomainItem.swift in Sources */,
				609282E625ED891300706F68 /* RepositoriesResultsViewController.swift in Sources */,
				6079CAB825EED3A400C2EAC2 /* ResultSceneOption.swift in Sources */,
				6070770D25F7B41000981D38 /* ResultSceneViewControllerWrapper.swift in Sources */,
				60170B8D25ED18F600C4EB3D /* UIImageView+Extensions.swift in Sources */,
				609282E025ED890100706F68 /* UsersResultsViewController.swift in Sources */,
				6048F0BB25F0D9960009703A /* RepositoryResponse.swift in Sources */,
				609282F425EE41F500706F68 /* IconViewWithText1.swift in Sources */,
				60170BB925ED349800C4EB3D /* SearchViewModel.swift in Sources */,
				6092830725EE63A800706F68 /* RepositoryDomainItem.swift in Sources */,
				6079CAA725EE8F1C00C2EAC2 /* UsersResultTableViewCell.swift in Sources */,
				60170BAF25ED1A4700C4EB3D /* SceneOption.swift in Sources */,
				60170B9A25ED193800C4EB3D /* SpinnerViewManager.swift in Sources */,
				6092830025EE635D00706F68 /* RepositoriesResultViewModel.swift in Sources */,
				609282EF25EE359300706F68 /* FilterViewModelDelegate.swift in Sources */,
				6058829725ED75D8005F914C /* FilterViewModel.swift in Sources */,
				60170BB525ED1AF900C4EB3D /* AppCoordinator.swift in Sources */,
				6079CABC25EED5E000C2EAC2 /* TabmanResultsViewController.swift in Sources */,
				60170B7925ED17B600C4EB3D /* RestManager.swift in Sources */,
				6048F0FC25F0F5280009703A /* Constants.swift in Sources */,
				6048F08E25EFEB5C0009703A /* DetailsSceneViewModel.swift in Sources */,
				60170BA425ED19FD00C4EB3D /* ReusableView.swift in Sources */,
				6048F0C725F0DF010009703A /* RepositoriesResultRepositoryImpl.swift in Sources */,
				60170B9B25ED193800C4EB3D /* SpinnerView.swift in Sources */,
				6079CAAC25EED0B300C2EAC2 /* SearchSceneCoordinator.swift in Sources */,
				60170B9225ED18F600C4EB3D /* UITableView+Extensions.swift in Sources */,
				60170BA525ED19FD00C4EB3D /* CoordinatorDelegate.swift in Sources */,
				6048F09625F0C9FC0009703A /* ResultButtonType.swift in Sources */,
				6048F08825EFEB340009703A /* DetailsSceneViewController.swift in Sources */,
				6079CA9D25EE8DB700C2EAC2 /* UserDomainItem.swift in Sources */,
				6048F0DA25F0E4AC0009703A /* ResultRepository.swift in Sources */,
				6079CAA125EE8E6D00C2EAC2 /* UsersResultViewModel.swift in Sources */,
				6048F10025F0F7960009703A /* UserResultRepositoryImpl.swift in Sources */,
				60170B7125ED175600C4EB3D /* SearchViewController.swift in Sources */,
				60170BE725ED481800C4EB3D /* FilterViewController.swift in Sources */,
				6048F11E25F14C9A0009703A /* RestManagerError.swift in Sources */,
				6058829B25ED76C0005F914C /* FilterOption.swift in Sources */,
				60170B9325ED18F600C4EB3D /* UITableViewCell+Extensions.swift in Sources */,
				60170B9425ED18F600C4EB3D /* UICollectionView+Extensions.swift in Sources */,
				60170B8125ED180A00C4EB3D /* SerializationManager.swift in Sources */,
				60170B8E25ED18F600C4EB3D /* UIViewController+Extensions.swift in Sources */,
				609282F925EE4CFD00706F68 /* RepositoriesResultsTableViewCell.swift in Sources */,
				60170B2025ED13EB00C4EB3D /* AppDelegate.swift in Sources */,
				6092832725EE6FEB00706F68 /* IconViewWithText2.swift in Sources */,
				6048F0A825F0D89F0009703A /* UserResponse.swift in Sources */,
			);
			runOnlyForDeploymentPostprocessing = 0;
		};
		60170B2E25ED13EC00C4EB3D /* Sources */ = {
			isa = PBXSourcesBuildPhase;
			buildActionMask = 2147483647;
			files = (
				608A805225F24EDB009A9B16 /* ResultSceneTests.swift in Sources */,
				608A805825F24F87009A9B16 /* GeneratedMocks.swift in Sources */,
			);
			runOnlyForDeploymentPostprocessing = 0;
		};
/* End PBXSourcesBuildPhase section */

/* Begin PBXTargetDependency section */
		60170B3425ED13EC00C4EB3D /* PBXTargetDependency */ = {
			isa = PBXTargetDependency;
			target = 60170B1B25ED13EB00C4EB3D /* TASK-GitRepoApp */;
			targetProxy = 60170B3325ED13EC00C4EB3D /* PBXContainerItemProxy */;
		};
/* End PBXTargetDependency section */

/* Begin PBXVariantGroup section */
		60170B2A25ED13EC00C4EB3D /* LaunchScreen.storyboard */ = {
			isa = PBXVariantGroup;
			children = (
				60170B2B25ED13EC00C4EB3D /* Base */,
			);
			name = LaunchScreen.storyboard;
			sourceTree = "<group>";
		};
/* End PBXVariantGroup section */

/* Begin XCBuildConfiguration section */
		60170B4425ED13EC00C4EB3D /* Debug */ = {
			isa = XCBuildConfiguration;
			buildSettings = {
				ALWAYS_SEARCH_USER_PATHS = NO;
				CLANG_ANALYZER_NONNULL = YES;
				CLANG_ANALYZER_NUMBER_OBJECT_CONVERSION = YES_AGGRESSIVE;
				CLANG_CXX_LANGUAGE_STANDARD = "gnu++14";
				CLANG_CXX_LIBRARY = "libc++";
				CLANG_ENABLE_MODULES = YES;
				CLANG_ENABLE_OBJC_ARC = YES;
				CLANG_ENABLE_OBJC_WEAK = YES;
				CLANG_WARN_BLOCK_CAPTURE_AUTORELEASING = YES;
				CLANG_WARN_BOOL_CONVERSION = YES;
				CLANG_WARN_COMMA = YES;
				CLANG_WARN_CONSTANT_CONVERSION = YES;
				CLANG_WARN_DEPRECATED_OBJC_IMPLEMENTATIONS = YES;
				CLANG_WARN_DIRECT_OBJC_ISA_USAGE = YES_ERROR;
				CLANG_WARN_DOCUMENTATION_COMMENTS = YES;
				CLANG_WARN_EMPTY_BODY = YES;
				CLANG_WARN_ENUM_CONVERSION = YES;
				CLANG_WARN_INFINITE_RECURSION = YES;
				CLANG_WARN_INT_CONVERSION = YES;
				CLANG_WARN_NON_LITERAL_NULL_CONVERSION = YES;
				CLANG_WARN_OBJC_IMPLICIT_RETAIN_SELF = YES;
				CLANG_WARN_OBJC_LITERAL_CONVERSION = YES;
				CLANG_WARN_OBJC_ROOT_CLASS = YES_ERROR;
				CLANG_WARN_QUOTED_INCLUDE_IN_FRAMEWORK_HEADER = YES;
				CLANG_WARN_RANGE_LOOP_ANALYSIS = YES;
				CLANG_WARN_STRICT_PROTOTYPES = YES;
				CLANG_WARN_SUSPICIOUS_MOVE = YES;
				CLANG_WARN_UNGUARDED_AVAILABILITY = YES_AGGRESSIVE;
				CLANG_WARN_UNREACHABLE_CODE = YES;
				CLANG_WARN__DUPLICATE_METHOD_MATCH = YES;
				COPY_PHASE_STRIP = NO;
				DEBUG_INFORMATION_FORMAT = dwarf;
				ENABLE_STRICT_OBJC_MSGSEND = YES;
				ENABLE_TESTABILITY = YES;
				GCC_C_LANGUAGE_STANDARD = gnu11;
				GCC_DYNAMIC_NO_PIC = NO;
				GCC_NO_COMMON_BLOCKS = YES;
				GCC_OPTIMIZATION_LEVEL = 0;
				GCC_PREPROCESSOR_DEFINITIONS = (
					"DEBUG=1",
					"$(inherited)",
				);
				GCC_WARN_64_TO_32_BIT_CONVERSION = YES;
				GCC_WARN_ABOUT_RETURN_TYPE = YES_ERROR;
				GCC_WARN_UNDECLARED_SELECTOR = YES;
				GCC_WARN_UNINITIALIZED_AUTOS = YES_AGGRESSIVE;
				GCC_WARN_UNUSED_FUNCTION = YES;
				GCC_WARN_UNUSED_VARIABLE = YES;
				IPHONEOS_DEPLOYMENT_TARGET = 14.4;
				MTL_ENABLE_DEBUG_INFO = INCLUDE_SOURCE;
				MTL_FAST_MATH = YES;
				ONLY_ACTIVE_ARCH = YES;
				SDKROOT = iphoneos;
				SWIFT_ACTIVE_COMPILATION_CONDITIONS = DEBUG;
				SWIFT_OPTIMIZATION_LEVEL = "-Onone";
			};
			name = Debug;
		};
		60170B4525ED13EC00C4EB3D /* Release */ = {
			isa = XCBuildConfiguration;
			buildSettings = {
				ALWAYS_SEARCH_USER_PATHS = NO;
				CLANG_ANALYZER_NONNULL = YES;
				CLANG_ANALYZER_NUMBER_OBJECT_CONVERSION = YES_AGGRESSIVE;
				CLANG_CXX_LANGUAGE_STANDARD = "gnu++14";
				CLANG_CXX_LIBRARY = "libc++";
				CLANG_ENABLE_MODULES = YES;
				CLANG_ENABLE_OBJC_ARC = YES;
				CLANG_ENABLE_OBJC_WEAK = YES;
				CLANG_WARN_BLOCK_CAPTURE_AUTORELEASING = YES;
				CLANG_WARN_BOOL_CONVERSION = YES;
				CLANG_WARN_COMMA = YES;
				CLANG_WARN_CONSTANT_CONVERSION = YES;
				CLANG_WARN_DEPRECATED_OBJC_IMPLEMENTATIONS = YES;
				CLANG_WARN_DIRECT_OBJC_ISA_USAGE = YES_ERROR;
				CLANG_WARN_DOCUMENTATION_COMMENTS = YES;
				CLANG_WARN_EMPTY_BODY = YES;
				CLANG_WARN_ENUM_CONVERSION = YES;
				CLANG_WARN_INFINITE_RECURSION = YES;
				CLANG_WARN_INT_CONVERSION = YES;
				CLANG_WARN_NON_LITERAL_NULL_CONVERSION = YES;
				CLANG_WARN_OBJC_IMPLICIT_RETAIN_SELF = YES;
				CLANG_WARN_OBJC_LITERAL_CONVERSION = YES;
				CLANG_WARN_OBJC_ROOT_CLASS = YES_ERROR;
				CLANG_WARN_QUOTED_INCLUDE_IN_FRAMEWORK_HEADER = YES;
				CLANG_WARN_RANGE_LOOP_ANALYSIS = YES;
				CLANG_WARN_STRICT_PROTOTYPES = YES;
				CLANG_WARN_SUSPICIOUS_MOVE = YES;
				CLANG_WARN_UNGUARDED_AVAILABILITY = YES_AGGRESSIVE;
				CLANG_WARN_UNREACHABLE_CODE = YES;
				CLANG_WARN__DUPLICATE_METHOD_MATCH = YES;
				COPY_PHASE_STRIP = NO;
				DEBUG_INFORMATION_FORMAT = "dwarf-with-dsym";
				ENABLE_NS_ASSERTIONS = NO;
				ENABLE_STRICT_OBJC_MSGSEND = YES;
				GCC_C_LANGUAGE_STANDARD = gnu11;
				GCC_NO_COMMON_BLOCKS = YES;
				GCC_WARN_64_TO_32_BIT_CONVERSION = YES;
				GCC_WARN_ABOUT_RETURN_TYPE = YES_ERROR;
				GCC_WARN_UNDECLARED_SELECTOR = YES;
				GCC_WARN_UNINITIALIZED_AUTOS = YES_AGGRESSIVE;
				GCC_WARN_UNUSED_FUNCTION = YES;
				GCC_WARN_UNUSED_VARIABLE = YES;
				IPHONEOS_DEPLOYMENT_TARGET = 14.4;
				MTL_ENABLE_DEBUG_INFO = NO;
				MTL_FAST_MATH = YES;
				SDKROOT = iphoneos;
				SWIFT_COMPILATION_MODE = wholemodule;
				SWIFT_OPTIMIZATION_LEVEL = "-O";
				VALIDATE_PRODUCT = YES;
			};
			name = Release;
		};
		60170B4725ED13EC00C4EB3D /* Debug */ = {
			isa = XCBuildConfiguration;
			baseConfigurationReference = FDE3C4256319C051CFAE677F /* Pods-TASK-GitRepoApp.debug.xcconfig */;
			buildSettings = {
				ASSETCATALOG_COMPILER_APPICON_NAME = AppIcon;
				ASSETCATALOG_COMPILER_GLOBAL_ACCENT_COLOR_NAME = AccentColor;
				CODE_SIGN_STYLE = Automatic;
				INFOPLIST_FILE = "TASK-GitRepoApp/Support/Info.plist";
				LD_RUNPATH_SEARCH_PATHS = (
					"$(inherited)",
					"@executable_path/Frameworks",
				);
				PRODUCT_BUNDLE_IDENTIFIER = "com.example.TASK-GitRepoApp";
				PRODUCT_NAME = "$(TARGET_NAME)";
				SWIFT_VERSION = 5.0;
				TARGETED_DEVICE_FAMILY = "1,2";
			};
			name = Debug;
		};
		60170B4825ED13EC00C4EB3D /* Release */ = {
			isa = XCBuildConfiguration;
			baseConfigurationReference = 6F3F17FD48516C10F2224AD1 /* Pods-TASK-GitRepoApp.release.xcconfig */;
			buildSettings = {
				ASSETCATALOG_COMPILER_APPICON_NAME = AppIcon;
				ASSETCATALOG_COMPILER_GLOBAL_ACCENT_COLOR_NAME = AccentColor;
				CODE_SIGN_STYLE = Automatic;
				INFOPLIST_FILE = "TASK-GitRepoApp/Support/Info.plist";
				LD_RUNPATH_SEARCH_PATHS = (
					"$(inherited)",
					"@executable_path/Frameworks",
				);
				PRODUCT_BUNDLE_IDENTIFIER = "com.example.TASK-GitRepoApp";
				PRODUCT_NAME = "$(TARGET_NAME)";
				SWIFT_VERSION = 5.0;
				TARGETED_DEVICE_FAMILY = "1,2";
			};
			name = Release;
		};
		60170B4A25ED13EC00C4EB3D /* Debug */ = {
			isa = XCBuildConfiguration;
			baseConfigurationReference = 3D5902CE12D85DC9251536B6 /* Pods-TASK-GitRepoAppTests.debug.xcconfig */;
			buildSettings = {
				ALWAYS_EMBED_SWIFT_STANDARD_LIBRARIES = YES;
				BUNDLE_LOADER = "$(TEST_HOST)";
				CLANG_ENABLE_MODULES = YES;
				CODE_SIGN_STYLE = Automatic;
				INFOPLIST_FILE = "TASK-GitRepoAppTests/Info.plist";
				IPHONEOS_DEPLOYMENT_TARGET = 14.4;
				LD_RUNPATH_SEARCH_PATHS = (
					"$(inherited)",
					"@executable_path/Frameworks",
					"@loader_path/Frameworks",
				);
				PRODUCT_BUNDLE_IDENTIFIER = "com.example.TASK-GitRepoAppTests";
				PRODUCT_NAME = "$(TARGET_NAME)";
				SWIFT_OPTIMIZATION_LEVEL = "-Onone";
				SWIFT_VERSION = 5.0;
				TARGETED_DEVICE_FAMILY = "1,2";
				TEST_HOST = "$(BUILT_PRODUCTS_DIR)/TASK-GitRepoApp.app/TASK-GitRepoApp";
			};
			name = Debug;
		};
		60170B4B25ED13EC00C4EB3D /* Release */ = {
			isa = XCBuildConfiguration;
			baseConfigurationReference = D7B2AFB1ABBF4F694C8636D4 /* Pods-TASK-GitRepoAppTests.release.xcconfig */;
			buildSettings = {
				ALWAYS_EMBED_SWIFT_STANDARD_LIBRARIES = YES;
				BUNDLE_LOADER = "$(TEST_HOST)";
				CLANG_ENABLE_MODULES = YES;
				CODE_SIGN_STYLE = Automatic;
				INFOPLIST_FILE = "TASK-GitRepoAppTests/Info.plist";
				IPHONEOS_DEPLOYMENT_TARGET = 14.4;
				LD_RUNPATH_SEARCH_PATHS = (
					"$(inherited)",
					"@executable_path/Frameworks",
					"@loader_path/Frameworks",
				);
				PRODUCT_BUNDLE_IDENTIFIER = "com.example.TASK-GitRepoAppTests";
				PRODUCT_NAME = "$(TARGET_NAME)";
				SWIFT_VERSION = 5.0;
				TARGETED_DEVICE_FAMILY = "1,2";
				TEST_HOST = "$(BUILT_PRODUCTS_DIR)/TASK-GitRepoApp.app/TASK-GitRepoApp";
			};
			name = Release;
		};
/* End XCBuildConfiguration section */

/* Begin XCConfigurationList section */
		60170B1725ED13EB00C4EB3D /* Build configuration list for PBXProject "TASK-GitRepoApp" */ = {
			isa = XCConfigurationList;
			buildConfigurations = (
				60170B4425ED13EC00C4EB3D /* Debug */,
				60170B4525ED13EC00C4EB3D /* Release */,
			);
			defaultConfigurationIsVisible = 0;
			defaultConfigurationName = Release;
		};
		60170B4625ED13EC00C4EB3D /* Build configuration list for PBXNativeTarget "TASK-GitRepoApp" */ = {
			isa = XCConfigurationList;
			buildConfigurations = (
				60170B4725ED13EC00C4EB3D /* Debug */,
				60170B4825ED13EC00C4EB3D /* Release */,
			);
			defaultConfigurationIsVisible = 0;
			defaultConfigurationName = Release;
		};
		60170B4925ED13EC00C4EB3D /* Build configuration list for PBXNativeTarget "TASK-GitRepoAppTests" */ = {
			isa = XCConfigurationList;
			buildConfigurations = (
				60170B4A25ED13EC00C4EB3D /* Debug */,
				60170B4B25ED13EC00C4EB3D /* Release */,
			);
			defaultConfigurationIsVisible = 0;
			defaultConfigurationName = Release;
		};
/* End XCConfigurationList section */
	};
	rootObject = 60170B1425ED13EB00C4EB3D /* Project object */;
}
